<?xml version="1.0" encoding="utf-8"?>
<Project ToolsVersion="4.0" xmlns="http://schemas.microsoft.com/developer/msbuild/2003">
  <ItemGroup>
    <Filter Include="Fichiers de ressources">
      <UniqueIdentifier>{67DA6AB6-F800-4c08-8B7A-83BB121AAD01}</UniqueIdentifier>
      <Extensions>rc;ico;cur;bmp;dlg;rc2;rct;bin;rgs;gif;jpg;jpeg;jpe;resx;tiff;tif;png;wav;mfcribbon-ms</Extensions>
    </Filter>
    <Filter Include="Core">
      <UniqueIdentifier>{8c2ff186-b312-42fb-97c2-af5804e4e7a8}</UniqueIdentifier>
    </Filter>
    <Filter Include="Source">
      <UniqueIdentifier>{39c475b8-1cb8-4d0c-a8c6-9d8adc3ae44c}</UniqueIdentifier>
    </Filter>
    <Filter Include="Scene">
      <UniqueIdentifier>{a5e8d352-1902-4aef-8eb7-13edaa094ca1}</UniqueIdentifier>
    </Filter>
    <Filter Include="Scene\Components">
      <UniqueIdentifier>{defc6f02-0d91-4cad-a663-e00028645c9f}</UniqueIdentifier>
    </Filter>
    <Filter Include="Ressources">
      <UniqueIdentifier>{165d5067-75b4-44ca-85ab-fbc59677eab0}</UniqueIdentifier>
    </Filter>
    <Filter Include="Geometry">
      <UniqueIdentifier>{d7a05de7-6404-4f28-8e7b-4c1804252101}</UniqueIdentifier>
    </Filter>
    <Filter Include="Maths">
      <UniqueIdentifier>{04a0b0e4-5eed-4b8c-9e2e-24b7836a78e4}</UniqueIdentifier>
    </Filter>
    <Filter Include="Rendering">
      <UniqueIdentifier>{e8cd8707-c1c1-4ea0-8421-5bbee4fe9e30}</UniqueIdentifier>
    </Filter>
    <Filter Include="Lighting">
      <UniqueIdentifier>{000e546a-3ed2-4fa6-be69-e510ea0ada24}</UniqueIdentifier>
    </Filter>
    <Filter Include="Maths\Geometry">
      <UniqueIdentifier>{6ccc448b-9080-466b-88dd-225a6696ead7}</UniqueIdentifier>
    </Filter>
  </ItemGroup>
  <ItemGroup>
    <ClInclude Include="Core\Logger.h">
      <Filter>Core</Filter>
    </ClInclude>
    <ClInclude Include="pch.h">
      <Filter>Source</Filter>
    </ClInclude>
    <ClInclude Include="Core\Platform.h">
      <Filter>Core</Filter>
    </ClInclude>
    <ClInclude Include="Core\Compiler.h">
      <Filter>Core</Filter>
    </ClInclude>
    <ClInclude Include="Scene\Components\Component.hpp">
      <Filter>Scene\Components</Filter>
    </ClInclude>
    <ClInclude Include="Scene\Entity.hpp">
      <Filter>Scene</Filter>
    </ClInclude>
    <ClInclude Include="Scene\Registry.hpp">
      <Filter>Scene</Filter>
    </ClInclude>
    <ClInclude Include="Scene\Serializer.hpp">
      <Filter>Scene</Filter>
    </ClInclude>
    <ClInclude Include="Scene\SparseSet.hpp">
      <Filter>Scene</Filter>
    </ClInclude>
    <ClInclude Include="Scene\System.hpp">
      <Filter>Scene</Filter>
    </ClInclude>
    <ClInclude Include="resource.h" />
    <ClInclude Include="Ressources\MTLLoader.h">
      <Filter>Ressources</Filter>
    </ClInclude>
    <ClInclude Include="Ressources\OBJLoader.h">
      <Filter>Ressources</Filter>
    </ClInclude>
    <ClInclude Include="Ressources\OBJLoadOptions.h">
      <Filter>Ressources</Filter>
    </ClInclude>
    <ClInclude Include="Ressources\ResourceHandle.h">
      <Filter>Ressources</Filter>
    </ClInclude>
    <ClInclude Include="Ressources\ResourceManager.h">
      <Filter>Ressources</Filter>
    </ClInclude>
    <ClInclude Include="Ressources\json.hpp">
      <Filter>Ressources</Filter>
    </ClInclude>
    <ClInclude Include="Geometry\FaceView.h">
      <Filter>Geometry</Filter>
    </ClInclude>
    <ClInclude Include="Geometry\MeshClass.h">
      <Filter>Geometry</Filter>
    </ClInclude>
    <ClInclude Include="Geometry\Material.h">
      <Filter>Geometry</Filter>
    </ClInclude>
    <ClInclude Include="Geometry\SubMesh.h">
      <Filter>Geometry</Filter>
    </ClInclude>
    <ClInclude Include="Geometry\Texture.h">
      <Filter>Geometry</Filter>
    </ClInclude>
    <ClInclude Include="Core\EventBus.hpp">
      <Filter>Core</Filter>
    </ClInclude>
    <ClInclude Include="Core\CoreTypes.h">
      <Filter>Core</Filter>
    </ClInclude>
    <ClInclude Include="Core\config.h">
      <Filter>Core</Filter>
    </ClInclude>
    <ClInclude Include="Rendering\RenderTypes.h">
      <Filter>Rendering</Filter>
    </ClInclude>
    <ClInclude Include="Lighting\LightTypes.h">
      <Filter>Lighting</Filter>
    </ClInclude>
    <ClInclude Include="Scene\SceneTypes.h">
      <Filter>Scene</Filter>
    </ClInclude>
    <ClInclude Include="Core\EngineSettings.h">
      <Filter>Core</Filter>
    </ClInclude>
    <ClInclude Include="Core\EngineConfig.h">
      <Filter>Core</Filter>
    </ClInclude>
    <ClInclude Include="Maths\MatrixLib.h">
      <Filter>Maths</Filter>
    </ClInclude>
    <ClInclude Include="Maths\QuaternionLib.h">
      <Filter>Maths</Filter>
    </ClInclude>
    <ClInclude Include="Maths\Vectorlib.h">
      <Filter>Maths</Filter>
    </ClInclude>
    <ClInclude Include="Maths\Transform.h">
      <Filter>Maths</Filter>
    </ClInclude>
    <ClInclude Include="Maths\MathTypes.h">
      <Filter>Maths</Filter>
    </ClInclude>
    <ClInclude Include="Ressources\CommunFunctions.h">
      <Filter>Ressources</Filter>
    </ClInclude>
    <ClInclude Include="Rendering\Renderer.h">
      <Filter>Rendering</Filter>
    </ClInclude>
    <ClInclude Include="Maths\Projection.h">
      <Filter>Maths</Filter>
    </ClInclude>
    <ClInclude Include="Maths\Geometry\AABB3d.h">
      <Filter>Maths\Geometry</Filter>
    </ClInclude>
    <ClInclude Include="Maths\Geometry\Plane.h">
      <Filter>Maths\Geometry</Filter>
    </ClInclude>
    <ClInclude Include="Maths\Geometry\Frustum.h">
      <Filter>Maths\Geometry</Filter>
    </ClInclude>
    <ClInclude Include="Rendering\Viewport.h">
      <Filter>Rendering</Filter>
    </ClInclude>
    <ClInclude Include="Core\InputState.h">
      <Filter>Core</Filter>
    </ClInclude>
    <ClInclude Include="Rendering\ViewData.h">
      <Filter>Rendering</Filter>
    </ClInclude>
    <ClInclude Include="Core\EventNames.h">
      <Filter>Core</Filter>
    </ClInclude>
    <ClInclude Include="Rendering\Rasterizer.h">
      <Filter>Rendering</Filter>
    </ClInclude>
    <ClInclude Include="Rendering\Fragment.h">
      <Filter>Rendering</Filter>
    </ClInclude>
    <ClInclude Include="Rendering\FrameBuffer.h">
      <Filter>Rendering</Filter>
    </ClInclude>
    <ClInclude Include="Scene\RenderSystem.h">
      <Filter>Scene</Filter>
    </ClInclude>
    <ClInclude Include="Rendering\ClipVertex.h">
      <Filter>Rendering</Filter>
    </ClInclude>
    <ClInclude Include="Rendering\Clipper.h">
      <Filter>Rendering</Filter>
    </ClInclude>
    <ClInclude Include="Maths\MathUtils.h">
      <Filter>Maths</Filter>
    </ClInclude>
  </ItemGroup>
  <ItemGroup>
    <ClCompile Include="Core\Logger.cpp">
      <Filter>Core</Filter>
    </ClCompile>
    <ClCompile Include="pch.cpp">
      <Filter>Source</Filter>
    </ClCompile>
    <ClCompile Include="Scene\Serializer.cpp">
      <Filter>Scene</Filter>
    </ClCompile>
    <ClCompile Include="Scene\System.cpp">
      <Filter>Scene</Filter>
    </ClCompile>
    <ClCompile Include="Ressources\MTLLoader.cpp">
      <Filter>Ressources</Filter>
    </ClCompile>
    <ClCompile Include="Ressources\OBJLoader.cpp">
      <Filter>Ressources</Filter>
    </ClCompile>
    <ClCompile Include="Ressources\ResourceManager.cpp">
      <Filter>Ressources</Filter>
    </ClCompile>
    <ClCompile Include="Geometry\MeshClass.cpp">
      <Filter>Geometry</Filter>
    </ClCompile>
    <ClCompile Include="Maths\Transform.cpp">
      <Filter>Maths</Filter>
    </ClCompile>
    <ClCompile Include="Ressources\CommunFunctions.cpp">
      <Filter>Ressources</Filter>
    </ClCompile>
    <ClCompile Include="Rendering\Renderer.cpp">
      <Filter>Rendering</Filter>
    </ClCompile>
    <ClCompile Include="Maths\Projection.cpp">
      <Filter>Maths</Filter>
    </ClCompile>
    <ClCompile Include="Maths\Geometry\Frustum.cpp">
      <Filter>Maths\Geometry</Filter>
    </ClCompile>
    <ClCompile Include="Rendering\Fragment.cpp">
      <Filter>Rendering</Filter>
    </ClCompile>
    <ClCompile Include="Rendering\Rasterizer.cpp">
      <Filter>Rendering</Filter>
    </ClCompile>
    <ClCompile Include="Scene\RenderSystem.cpp">
      <Filter>Scene</Filter>
    </ClCompile>
    <ClCompile Include="Rendering\Clipper.cpp">
      <Filter>Rendering</Filter>
    </ClCompile>
  </ItemGroup>
  <ItemGroup>
    <ResourceCompile Include="LibraryV3.rc">
      <Filter>Fichiers de ressources</Filter>
    </ResourceCompile>
  </ItemGroup>
  <ItemGroup>
    <None Include="engine.json" />
  </ItemGroup>
  <ItemGroup>
    <Text Include="Rendering\DepthBuffer.h">
      <Filter>Rendering</Filter>
    </Text>
  </ItemGroup>
</Project>